
Microsoft Visual Studio Solution File, Format Version 11.00
# Visual Studio 2010
Project("{FAE04EC0-301F-11D3-BF4B-00C04F79EFBC}") = "Content", "Content\Content.contentproj", "{44459A75-F2CF-4B58-89EA-79154AF5C1AF}"
EndProject
Project("{F184B08F-C81C-45F6-A57F-5ABD9991F28F}") = "GameStateManagement (Windows Phone)", "GameStateManagement\GameStateManagement (Windows Phone).vbproj", "{7F5C35F9-78A6-4E0A-B469-1E71909FE4F9}"
EndProject
Project("{F184B08F-C81C-45F6-A57F-5ABD9991F28F}") = "GameStateManagementSample (Windows Phone)", "GameStateManagementSample\GameStateManagementSample (Windows Phone).vbproj", "{229462D3-9366-47B4-992E-922E482A1904}"
EndProject
Global
	GlobalSection(SolutionConfigurationPlatforms) = preSolution
		Debug|Windows Phone = Debug|Windows Phone
		Release|Windows Phone = Release|Windows Phone
	EndGlobalSection
	GlobalSection(ProjectConfigurationPlatforms) = postSolution
		{44459A75-F2CF-4B58-89EA-79154AF5C1AF}.Debug|Windows Phone.ActiveCfg = Debug|Any CPU
		{44459A75-F2CF-4B58-89EA-79154AF5C1AF}.Release|Windows Phone.ActiveCfg = Debug|Any CPU
		{7F5C35F9-78A6-4E0A-B469-1E71909FE4F9}.Debug|Windows Phone.ActiveCfg = Debug|Windows Phone
		{7F5C35F9-78A6-4E0A-B469-1E71909FE4F9}.Debug|Windows Phone.Build.0 = Debug|Windows Phone
		{7F5C35F9-78A6-4E0A-B469-1E71909FE4F9}.Debug|Windows Phone.Deploy.0 = Debug|Windows Phone
		{7F5C35F9-78A6-4E0A-B469-1E71909FE4F9}.Release|Windows Phone.ActiveCfg = Release|Windows Phone
		{7F5C35F9-78A6-4E0A-B469-1E71909FE4F9}.Release|Windows Phone.Build.0 = Release|Windows Phone
		{7F5C35F9-78A6-4E0A-B469-1E71909FE4F9}.Release|Windows Phone.Deploy.0 = Release|Windows Phone
		{229462D3-9366-47B4-992E-922E482A1904}.Debug|Windows Phone.ActiveCfg = Debug|Windows Phone
		{229462D3-9366-47B4-992E-922E482A1904}.Debug|Windows Phone.Build.0 = Debug|Windows Phone
		{229462D3-9366-47B4-992E-922E482A1904}.Debug|Windows Phone.Deploy.0 = Debug|Windows Phone
		{229462D3-9366-47B4-992E-922E482A1904}.Release|Windows Phone.ActiveCfg = Release|Windows Phone
		{229462D3-9366-47B4-992E-922E482A1904}.Release|Windows Phone.Build.0 = Release|Windows Phone
		{229462D3-9366-47B4-992E-922E482A1904}.Release|Windows Phone.Deploy.0 = Release|Windows Phone
	EndGlobalSection
	GlobalSection(SolutionProperties) = preSolution
		HideSolutionNode = FALSE
	EndGlobalSection
EndGlobal
