
Microsoft Visual Studio Solution File, Format Version 11.00
# Visual Studio 2010
Project("{FAE04EC0-301F-11D3-BF4B-00C04F79EFBC}") = "HoneycombRush", "HoneycombRush\HoneycombRush\HoneycombRush.csproj", "{1D47E0DF-85F4-42CC-A0A3-E99456A80165}"
EndProject
Project("{FAE04EC0-301F-11D3-BF4B-00C04F79EFBC}") = "HoneycombRushContent", "HoneycombRush\HoneycombRushContent\HoneycombRushContent.contentproj", "{7C72F622-3506-43CC-81F1-B926DC7E2467}"
EndProject
Global
	GlobalSection(SolutionConfigurationPlatforms) = preSolution
		Debug|Windows Phone = Debug|Windows Phone
		Release|Windows Phone = Release|Windows Phone
	EndGlobalSection
	GlobalSection(ProjectConfigurationPlatforms) = postSolution
		{1D47E0DF-85F4-42CC-A0A3-E99456A80165}.Debug|Windows Phone.ActiveCfg = Debug|Windows Phone
		{1D47E0DF-85F4-42CC-A0A3-E99456A80165}.Debug|Windows Phone.Build.0 = Debug|Windows Phone
		{1D47E0DF-85F4-42CC-A0A3-E99456A80165}.Debug|Windows Phone.Deploy.0 = Debug|Windows Phone
		{1D47E0DF-85F4-42CC-A0A3-E99456A80165}.Release|Windows Phone.ActiveCfg = Release|Windows Phone
		{1D47E0DF-85F4-42CC-A0A3-E99456A80165}.Release|Windows Phone.Build.0 = Release|Windows Phone
		{1D47E0DF-85F4-42CC-A0A3-E99456A80165}.Release|Windows Phone.Deploy.0 = Release|Windows Phone
		{7C72F622-3506-43CC-81F1-B926DC7E2467}.Debug|Windows Phone.ActiveCfg = Debug|Windows Phone
		{7C72F622-3506-43CC-81F1-B926DC7E2467}.Release|Windows Phone.ActiveCfg = Release|Windows Phone
	EndGlobalSection
	GlobalSection(SolutionProperties) = preSolution
		HideSolutionNode = FALSE
	EndGlobalSection
EndGlobal
