
Microsoft Visual Studio Solution File, Format Version 11.00
# Visual Studio 2010 Express for Windows Phone
Project("{FAE04EC0-301F-11D3-BF4B-00C04F79EFBC}") = "GameStateManagementSample (Phone)", "GameStateManagementSample\GameStateManagementSample (Phone).csproj", "{DD81273B-222B-4960-BC60-99C253116608}"
EndProject
Project("{FAE04EC0-301F-11D3-BF4B-00C04F79EFBC}") = "Content", "Content\Content.contentproj", "{44459A75-F2CF-4B58-89EA-79154AF5C1AF}"
EndProject
Global
	GlobalSection(SolutionConfigurationPlatforms) = preSolution
		Debug|Windows Phone = Debug|Windows Phone
		Release|Windows Phone = Release|Windows Phone
	EndGlobalSection
	GlobalSection(ProjectConfigurationPlatforms) = postSolution
		{DD81273B-222B-4960-BC60-99C253116608}.Debug|Windows Phone.ActiveCfg = Debug|Windows Phone
		{DD81273B-222B-4960-BC60-99C253116608}.Debug|Windows Phone.Build.0 = Debug|Windows Phone
		{DD81273B-222B-4960-BC60-99C253116608}.Debug|Windows Phone.Deploy.0 = Debug|Windows Phone
		{DD81273B-222B-4960-BC60-99C253116608}.Release|Windows Phone.ActiveCfg = Release|Windows Phone
		{DD81273B-222B-4960-BC60-99C253116608}.Release|Windows Phone.Build.0 = Release|Windows Phone
		{DD81273B-222B-4960-BC60-99C253116608}.Release|Windows Phone.Deploy.0 = Release|Windows Phone
	EndGlobalSection
	GlobalSection(SolutionProperties) = preSolution
		HideSolutionNode = FALSE
	EndGlobalSection
EndGlobal
