
Microsoft Visual Studio Solution File, Format Version 11.00
# Visual Studio 2010
Project("{FAE04EC0-301F-11D3-BF4B-00C04F79EFBC}") = "Server", "Server\Server.csproj", "{489356AF-27B0-46B6-AB19-EF1ACA23EF32}"
EndProject
Project("{FAE04EC0-301F-11D3-BF4B-00C04F79EFBC}") = "TicTacToeServices", "TicTacToeServices\TicTacToeServices.csproj", "{1FC8DF2A-B39E-44A1-A211-2B6155380A9B}"
EndProject
Global
	GlobalSection(SolutionConfigurationPlatforms) = preSolution
		Debug|Any CPU = Debug|Any CPU
		Debug|Mixed Platforms = Debug|Mixed Platforms
		Debug|x86 = Debug|x86
		Release|Any CPU = Release|Any CPU
		Release|Mixed Platforms = Release|Mixed Platforms
		Release|x86 = Release|x86
	EndGlobalSection
	GlobalSection(ProjectConfigurationPlatforms) = postSolution
		{489356AF-27B0-46B6-AB19-EF1ACA23EF32}.Debug|Any CPU.ActiveCfg = Debug|x86
		{489356AF-27B0-46B6-AB19-EF1ACA23EF32}.Debug|Mixed Platforms.ActiveCfg = Debug|x86
		{489356AF-27B0-46B6-AB19-EF1ACA23EF32}.Debug|Mixed Platforms.Build.0 = Debug|x86
		{489356AF-27B0-46B6-AB19-EF1ACA23EF32}.Debug|x86.ActiveCfg = Debug|x86
		{489356AF-27B0-46B6-AB19-EF1ACA23EF32}.Debug|x86.Build.0 = Debug|x86
		{489356AF-27B0-46B6-AB19-EF1ACA23EF32}.Release|Any CPU.ActiveCfg = Release|x86
		{489356AF-27B0-46B6-AB19-EF1ACA23EF32}.Release|Mixed Platforms.ActiveCfg = Release|x86
		{489356AF-27B0-46B6-AB19-EF1ACA23EF32}.Release|Mixed Platforms.Build.0 = Release|x86
		{489356AF-27B0-46B6-AB19-EF1ACA23EF32}.Release|x86.ActiveCfg = Release|x86
		{489356AF-27B0-46B6-AB19-EF1ACA23EF32}.Release|x86.Build.0 = Release|x86
		{1FC8DF2A-B39E-44A1-A211-2B6155380A9B}.Debug|Any CPU.ActiveCfg = Debug|Any CPU
		{1FC8DF2A-B39E-44A1-A211-2B6155380A9B}.Debug|Any CPU.Build.0 = Debug|Any CPU
		{1FC8DF2A-B39E-44A1-A211-2B6155380A9B}.Debug|Mixed Platforms.ActiveCfg = Debug|Any CPU
		{1FC8DF2A-B39E-44A1-A211-2B6155380A9B}.Debug|Mixed Platforms.Build.0 = Debug|Any CPU
		{1FC8DF2A-B39E-44A1-A211-2B6155380A9B}.Debug|x86.ActiveCfg = Debug|Any CPU
		{1FC8DF2A-B39E-44A1-A211-2B6155380A9B}.Release|Any CPU.ActiveCfg = Release|Any CPU
		{1FC8DF2A-B39E-44A1-A211-2B6155380A9B}.Release|Any CPU.Build.0 = Release|Any CPU
		{1FC8DF2A-B39E-44A1-A211-2B6155380A9B}.Release|Mixed Platforms.ActiveCfg = Release|Any CPU
		{1FC8DF2A-B39E-44A1-A211-2B6155380A9B}.Release|Mixed Platforms.Build.0 = Release|Any CPU
		{1FC8DF2A-B39E-44A1-A211-2B6155380A9B}.Release|x86.ActiveCfg = Release|Any CPU
	EndGlobalSection
	GlobalSection(SolutionProperties) = preSolution
		HideSolutionNode = FALSE
	EndGlobalSection
EndGlobal
