
Microsoft Visual Studio Solution File, Format Version 11.00
# Visual Studio 2010
Project("{FAE04EC0-301F-11D3-BF4B-00C04F79EFBC}") = "LensFlareWindows", "LensFlare\LensFlareWindows.csproj", "{806FDD3D-05D5-4838-86A2-027C67EBAE31}"
EndProject
Project("{FAE04EC0-301F-11D3-BF4B-00C04F79EFBC}") = "LensFlareContent", "LensFlare\Content\LensFlareContent.contentproj", "{06D50D4B-5F03-4BAD-B2B1-30AEAC94D0FE}"
EndProject
Global
	GlobalSection(SolutionConfigurationPlatforms) = preSolution
		Debug|x86 = Debug|x86
		Release|x86 = Release|x86
	EndGlobalSection
	GlobalSection(ProjectConfigurationPlatforms) = postSolution
		{806FDD3D-05D5-4838-86A2-027C67EBAE31}.Debug|x86.ActiveCfg = Debug|x86
		{806FDD3D-05D5-4838-86A2-027C67EBAE31}.Debug|x86.Build.0 = Debug|x86
		{806FDD3D-05D5-4838-86A2-027C67EBAE31}.Release|x86.ActiveCfg = Release|x86
		{806FDD3D-05D5-4838-86A2-027C67EBAE31}.Release|x86.Build.0 = Release|x86
		{06D50D4B-5F03-4BAD-B2B1-30AEAC94D0FE}.Debug|x86.ActiveCfg = Debug|x86
		{06D50D4B-5F03-4BAD-B2B1-30AEAC94D0FE}.Release|x86.ActiveCfg = Release|x86
	EndGlobalSection
	GlobalSection(SolutionProperties) = preSolution
		HideSolutionNode = FALSE
	EndGlobalSection
EndGlobal
