
Microsoft Visual Studio Solution File, Format Version 11.00
# Visual Studio 2010 Express for Windows Phone
Project("{FAE04EC0-301F-11D3-BF4B-00C04F79EFBC}") = "ChaseCamera", "ChaseCamera\ChaseCameraWindowsPhone.csproj", "{E7B09455-3725-47ED-90C3-6F7A14A45044}"
EndProject
Project("{96E2B04D-8817-42C6-938A-82C39BA4D311}") = "ChaseCameraContent", "ChaseCameraContent\ChaseCameraContent.contentproj", "{F7DBDC96-A9A5-4A29-A0B1-9734637FE68B}"
EndProject
Global
	GlobalSection(SolutionConfigurationPlatforms) = preSolution
		Debug|Windows Phone = Debug|Windows Phone
		Release|Windows Phone = Release|Windows Phone
	EndGlobalSection
	GlobalSection(ProjectConfigurationPlatforms) = postSolution
		{E7B09455-3725-47ED-90C3-6F7A14A45044}.Debug|Windows Phone.ActiveCfg = Debug|Windows Phone
		{E7B09455-3725-47ED-90C3-6F7A14A45044}.Debug|Windows Phone.Build.0 = Debug|Windows Phone
		{E7B09455-3725-47ED-90C3-6F7A14A45044}.Debug|Windows Phone.Deploy.0 = Debug|Windows Phone
		{E7B09455-3725-47ED-90C3-6F7A14A45044}.Release|Windows Phone.ActiveCfg = Release|Windows Phone
		{E7B09455-3725-47ED-90C3-6F7A14A45044}.Release|Windows Phone.Build.0 = Release|Windows Phone
		{E7B09455-3725-47ED-90C3-6F7A14A45044}.Release|Windows Phone.Deploy.0 = Release|Windows Phone
	EndGlobalSection
	GlobalSection(SolutionProperties) = preSolution
		HideSolutionNode = FALSE
	EndGlobalSection
EndGlobal
