
Microsoft Visual Studio Solution File, Format Version 11.00
# Visual Studio 2010
Project("{FAE04EC0-301F-11D3-BF4B-00C04F79EFBC}") = "ttf2bmp", "ttf2bmp\ttf2bmp.csproj", "{61691D80-1572-4EFE-BC53-608D6063AF22}"
EndProject
Global
	GlobalSection(SolutionConfigurationPlatforms) = preSolution
		Debug|Any CPU = Debug|Any CPU
		Release|Any CPU = Release|Any CPU
	EndGlobalSection
	GlobalSection(ProjectConfigurationPlatforms) = postSolution
		{61691D80-1572-4EFE-BC53-608D6063AF22}.Debug|Any CPU.ActiveCfg = Debug|Any CPU
		{61691D80-1572-4EFE-BC53-608D6063AF22}.Debug|Any CPU.Build.0 = Debug|Any CPU
		{61691D80-1572-4EFE-BC53-608D6063AF22}.Release|Any CPU.ActiveCfg = Release|Any CPU
		{61691D80-1572-4EFE-BC53-608D6063AF22}.Release|Any CPU.Build.0 = Release|Any CPU
	EndGlobalSection
	GlobalSection(SolutionProperties) = preSolution
		HideSolutionNode = FALSE
	EndGlobalSection
EndGlobal
