
Microsoft Visual Studio Solution File, Format Version 11.00
# Visual Studio 2010
Project("{FAE04EC0-301F-11D3-BF4B-00C04F79EFBC}") = "TouchThumbSticks (Phone)", "TouchThumbSticks\TouchThumbSticks\TouchThumbSticks (Phone).csproj", "{4D43EDB8-037B-4B8F-BCB6-4ADB7E39C69C}"
EndProject
Project("{FAE04EC0-301F-11D3-BF4B-00C04F79EFBC}") = "TouchThumbSticksContent", "TouchThumbSticks\TouchThumbSticksContent\TouchThumbSticksContent.contentproj", "{1E95D99E-B712-4BB7-85F7-9BD61E79B34C}"
EndProject
Global
	GlobalSection(SolutionConfigurationPlatforms) = preSolution
		Debug|Mixed Platforms = Debug|Mixed Platforms
		Debug|Windows Phone = Debug|Windows Phone
		Debug|x86 = Debug|x86
		Release|Mixed Platforms = Release|Mixed Platforms
		Release|Windows Phone = Release|Windows Phone
		Release|x86 = Release|x86
	EndGlobalSection
	GlobalSection(ProjectConfigurationPlatforms) = postSolution
		{4D43EDB8-037B-4B8F-BCB6-4ADB7E39C69C}.Debug|Mixed Platforms.ActiveCfg = Debug|Windows Phone
		{4D43EDB8-037B-4B8F-BCB6-4ADB7E39C69C}.Debug|Mixed Platforms.Build.0 = Debug|Windows Phone
		{4D43EDB8-037B-4B8F-BCB6-4ADB7E39C69C}.Debug|Mixed Platforms.Deploy.0 = Debug|Windows Phone
		{4D43EDB8-037B-4B8F-BCB6-4ADB7E39C69C}.Debug|Windows Phone.ActiveCfg = Debug|Windows Phone
		{4D43EDB8-037B-4B8F-BCB6-4ADB7E39C69C}.Debug|Windows Phone.Build.0 = Debug|Windows Phone
		{4D43EDB8-037B-4B8F-BCB6-4ADB7E39C69C}.Debug|Windows Phone.Deploy.0 = Debug|Windows Phone
		{4D43EDB8-037B-4B8F-BCB6-4ADB7E39C69C}.Debug|x86.ActiveCfg = Debug|Windows Phone
		{4D43EDB8-037B-4B8F-BCB6-4ADB7E39C69C}.Debug|x86.Build.0 = Debug|Windows Phone
		{4D43EDB8-037B-4B8F-BCB6-4ADB7E39C69C}.Release|Mixed Platforms.ActiveCfg = Release|Windows Phone
		{4D43EDB8-037B-4B8F-BCB6-4ADB7E39C69C}.Release|Mixed Platforms.Build.0 = Release|Windows Phone
		{4D43EDB8-037B-4B8F-BCB6-4ADB7E39C69C}.Release|Mixed Platforms.Deploy.0 = Release|Windows Phone
		{4D43EDB8-037B-4B8F-BCB6-4ADB7E39C69C}.Release|Windows Phone.ActiveCfg = Release|Windows Phone
		{4D43EDB8-037B-4B8F-BCB6-4ADB7E39C69C}.Release|Windows Phone.Build.0 = Release|Windows Phone
		{4D43EDB8-037B-4B8F-BCB6-4ADB7E39C69C}.Release|Windows Phone.Deploy.0 = Release|Windows Phone
		{4D43EDB8-037B-4B8F-BCB6-4ADB7E39C69C}.Release|x86.ActiveCfg = Release|Windows Phone
		{4D43EDB8-037B-4B8F-BCB6-4ADB7E39C69C}.Release|x86.Build.0 = Release|Windows Phone
	EndGlobalSection
	GlobalSection(SolutionProperties) = preSolution
		HideSolutionNode = FALSE
	EndGlobalSection
EndGlobal
