
Microsoft Visual Studio Solution File, Format Version 11.00
# Visual Studio 2010 Express for Windows Phone
Project("{FAE04EC0-301F-11D3-BF4B-00C04F79EFBC}") = "Primitives3D", "Primitives3D\Primitives3DWindowsPhone.csproj", "{A1946210-5BBF-469F-A83C-85698521D6A0}"
EndProject
Project("{96E2B04D-8817-42C6-938A-82C39BA4D311}") = "Primitives3DContent", "Primitives3DContent\Primitives3DContent.contentproj", "{992363D7-8E0E-4743-B4C6-60C501D75374}"
EndProject
Global
	GlobalSection(SolutionConfigurationPlatforms) = preSolution
		Debug|Windows Phone = Debug|Windows Phone
		Release|Windows Phone = Release|Windows Phone
	EndGlobalSection
	GlobalSection(ProjectConfigurationPlatforms) = postSolution
		{A1946210-5BBF-469F-A83C-85698521D6A0}.Debug|Windows Phone.ActiveCfg = Debug|Windows Phone
		{A1946210-5BBF-469F-A83C-85698521D6A0}.Debug|Windows Phone.Build.0 = Debug|Windows Phone
		{A1946210-5BBF-469F-A83C-85698521D6A0}.Debug|Windows Phone.Deploy.0 = Debug|Windows Phone
		{A1946210-5BBF-469F-A83C-85698521D6A0}.Release|Windows Phone.ActiveCfg = Release|Windows Phone
		{A1946210-5BBF-469F-A83C-85698521D6A0}.Release|Windows Phone.Build.0 = Release|Windows Phone
		{A1946210-5BBF-469F-A83C-85698521D6A0}.Release|Windows Phone.Deploy.0 = Release|Windows Phone
	EndGlobalSection
	GlobalSection(SolutionProperties) = preSolution
		HideSolutionNode = FALSE
	EndGlobalSection
EndGlobal
