
Microsoft Visual Studio Solution File, Format Version 11.00
# Visual Studio 2010
Project("{FAE04EC0-301F-11D3-BF4B-00C04F79EFBC}") = "PathDrawing", "PathDrawing\PathDrawing\PathDrawing.csproj", "{3736E005-748E-46E3-85A3-67CA9C3D7C38}"
EndProject
Project("{96E2B04D-8817-42C6-938A-82C39BA4D311}") = "PathDrawingContent", "PathDrawing\PathDrawingContent\PathDrawingContent.contentproj", "{78DFEB4D-FF15-4A59-9B47-E121D51727EF}"
EndProject
Global
	GlobalSection(SolutionConfigurationPlatforms) = preSolution
		Debug|Windows Phone = Debug|Windows Phone
		Release|Windows Phone = Release|Windows Phone
	EndGlobalSection
	GlobalSection(ProjectConfigurationPlatforms) = postSolution
		{3736E005-748E-46E3-85A3-67CA9C3D7C38}.Debug|Windows Phone.ActiveCfg = Debug|Windows Phone
		{3736E005-748E-46E3-85A3-67CA9C3D7C38}.Debug|Windows Phone.Build.0 = Debug|Windows Phone
		{3736E005-748E-46E3-85A3-67CA9C3D7C38}.Debug|Windows Phone.Deploy.0 = Debug|Windows Phone
		{3736E005-748E-46E3-85A3-67CA9C3D7C38}.Release|Windows Phone.ActiveCfg = Release|Windows Phone
		{3736E005-748E-46E3-85A3-67CA9C3D7C38}.Release|Windows Phone.Build.0 = Release|Windows Phone
		{3736E005-748E-46E3-85A3-67CA9C3D7C38}.Release|Windows Phone.Deploy.0 = Release|Windows Phone
		{78DFEB4D-FF15-4A59-9B47-E121D51727EF}.Debug|Windows Phone.ActiveCfg = Debug|Windows Phone
		{78DFEB4D-FF15-4A59-9B47-E121D51727EF}.Release|Windows Phone.ActiveCfg = Release|Windows Phone
	EndGlobalSection
	GlobalSection(SolutionProperties) = preSolution
		HideSolutionNode = FALSE
	EndGlobalSection
EndGlobal
