
Microsoft Visual Studio Solution File, Format Version 11.00
# Visual Studio 2010
Project("{FAE04EC0-301F-11D3-BF4B-00C04F79EFBC}") = "AvatarShadows", "AvatarShadows\AvatarShadows\AvatarShadows.csproj", "{C8B51FDA-36E1-412A-B9FD-3893C14F3650}"
EndProject
Project("{96E2B04D-8817-42C6-938A-82C39BA4D311}") = "AvatarShadowsContent", "AvatarShadows\AvatarShadowsContent\AvatarShadowsContent.contentproj", "{31A2FEC7-E8F1-436B-B779-CEF1DB0E1FDF}"
EndProject
Global
	GlobalSection(SolutionConfigurationPlatforms) = preSolution
		Debug|Xbox 360 = Debug|Xbox 360
		Release|Xbox 360 = Release|Xbox 360
	EndGlobalSection
	GlobalSection(ProjectConfigurationPlatforms) = postSolution
		{C8B51FDA-36E1-412A-B9FD-3893C14F3650}.Debug|Xbox 360.ActiveCfg = Debug|Xbox 360
		{C8B51FDA-36E1-412A-B9FD-3893C14F3650}.Debug|Xbox 360.Build.0 = Debug|Xbox 360
		{C8B51FDA-36E1-412A-B9FD-3893C14F3650}.Debug|Xbox 360.Deploy.0 = Debug|Xbox 360
		{C8B51FDA-36E1-412A-B9FD-3893C14F3650}.Release|Xbox 360.ActiveCfg = Release|Xbox 360
		{C8B51FDA-36E1-412A-B9FD-3893C14F3650}.Release|Xbox 360.Build.0 = Release|Xbox 360
		{C8B51FDA-36E1-412A-B9FD-3893C14F3650}.Release|Xbox 360.Deploy.0 = Release|Xbox 360
		{31A2FEC7-E8F1-436B-B779-CEF1DB0E1FDF}.Debug|Xbox 360.ActiveCfg = Debug|Xbox 360
		{31A2FEC7-E8F1-436B-B779-CEF1DB0E1FDF}.Release|Xbox 360.ActiveCfg = Release|Xbox 360
	EndGlobalSection
	GlobalSection(SolutionProperties) = preSolution
		HideSolutionNode = FALSE
	EndGlobalSection
EndGlobal
