
Microsoft Visual Studio Solution File, Format Version 11.00
# Visual Studio 2010
Project("{FAE04EC0-301F-11D3-BF4B-00C04F79EFBC}") = "NavigationExample", "NavigationExample\NavigationExample.csproj", "{6152A89A-CA29-446A-924F-6156621435F7}"
EndProject
Global
	GlobalSection(SolutionConfigurationPlatforms) = preSolution
		Debug|Any CPU = Debug|Any CPU
		Release|Any CPU = Release|Any CPU
	EndGlobalSection
	GlobalSection(ProjectConfigurationPlatforms) = postSolution
		{6152A89A-CA29-446A-924F-6156621435F7}.Debug|Any CPU.ActiveCfg = Debug|Any CPU
		{6152A89A-CA29-446A-924F-6156621435F7}.Debug|Any CPU.Build.0 = Debug|Any CPU
		{6152A89A-CA29-446A-924F-6156621435F7}.Debug|Any CPU.Deploy.0 = Debug|Any CPU
		{6152A89A-CA29-446A-924F-6156621435F7}.Release|Any CPU.ActiveCfg = Release|Any CPU
		{6152A89A-CA29-446A-924F-6156621435F7}.Release|Any CPU.Build.0 = Release|Any CPU
		{6152A89A-CA29-446A-924F-6156621435F7}.Release|Any CPU.Deploy.0 = Release|Any CPU
	EndGlobalSection
	GlobalSection(SolutionProperties) = preSolution
		HideSolutionNode = FALSE
	EndGlobalSection
EndGlobal
