
Microsoft Visual Studio Solution File, Format Version 11.00
# Visual Studio 2010
Project("{FAE04EC0-301F-11D3-BF4B-00C04F79EFBC}") = "ObjImporterGameXbox", "ObjImporterGame\ObjImporterGameXbox.csproj", "{F922697E-6E9B-4102-8855-F20E19C5A960}"
EndProject
Project("{FAE04EC0-301F-11D3-BF4B-00C04F79EFBC}") = "ObjImporter", "ObjImporter\ObjImporter.csproj", "{3E5B242B-B341-43BB-9FA7-E9A9E89FB9F6}"
EndProject
Project("{FAE04EC0-301F-11D3-BF4B-00C04F79EFBC}") = "ObjImporterGameContent", "ObjImporterGame\Content\ObjImporterGameContent.contentproj", "{DB68E246-A749-4C1F-9914-4771D08CC293}"
EndProject
Global
	GlobalSection(SolutionConfigurationPlatforms) = preSolution
		Debug|Xbox 360 = Debug|Xbox 360
		Release|Xbox 360 = Release|Xbox 360
	EndGlobalSection
	GlobalSection(ProjectConfigurationPlatforms) = postSolution
		{F922697E-6E9B-4102-8855-F20E19C5A960}.Debug|Xbox 360.ActiveCfg = Debug|Xbox 360
		{F922697E-6E9B-4102-8855-F20E19C5A960}.Debug|Xbox 360.Build.0 = Debug|Xbox 360
		{F922697E-6E9B-4102-8855-F20E19C5A960}.Debug|Xbox 360.Deploy.0 = Debug|Xbox 360
		{F922697E-6E9B-4102-8855-F20E19C5A960}.Release|Xbox 360.ActiveCfg = Release|Xbox 360
		{F922697E-6E9B-4102-8855-F20E19C5A960}.Release|Xbox 360.Build.0 = Release|Xbox 360
		{F922697E-6E9B-4102-8855-F20E19C5A960}.Release|Xbox 360.Deploy.0 = Release|Xbox 360
		{3E5B242B-B341-43BB-9FA7-E9A9E89FB9F6}.Debug|Xbox 360.ActiveCfg = Debug|Xbox 360
		{3E5B242B-B341-43BB-9FA7-E9A9E89FB9F6}.Debug|Xbox 360.Build.0 = Debug|Xbox 360
		{3E5B242B-B341-43BB-9FA7-E9A9E89FB9F6}.Release|Xbox 360.ActiveCfg = Release|Xbox 360
		{3E5B242B-B341-43BB-9FA7-E9A9E89FB9F6}.Release|Xbox 360.Build.0 = Release|Xbox 360
		{DB68E246-A749-4C1F-9914-4771D08CC293}.Debug|Xbox 360.ActiveCfg = Debug|x86
		{DB68E246-A749-4C1F-9914-4771D08CC293}.Release|Xbox 360.ActiveCfg = Release|x86
	EndGlobalSection
	GlobalSection(SolutionProperties) = preSolution
		HideSolutionNode = FALSE
	EndGlobalSection
EndGlobal
