
Microsoft Visual Studio Solution File, Format Version 11.00
# Visual Studio 2010
Project("{FAE04EC0-301F-11D3-BF4B-00C04F79EFBC}") = "Geolocation", "Geolocation\Geolocation\Geolocation.csproj", "{A39E7C34-1E2B-481B-85C0-D3309B669A64}"
EndProject
Project("{96E2B04D-8817-42C6-938A-82C39BA4D311}") = "GeolocationContent", "Geolocation\GeolocationContent\GeolocationContent.contentproj", "{2ED578EB-750A-4EBD-836E-BC1F05049BD7}"
EndProject
Global
	GlobalSection(SolutionConfigurationPlatforms) = preSolution
		Debug|Windows Phone = Debug|Windows Phone
		Release|Windows Phone = Release|Windows Phone
	EndGlobalSection
	GlobalSection(ProjectConfigurationPlatforms) = postSolution
		{A39E7C34-1E2B-481B-85C0-D3309B669A64}.Debug|Windows Phone.ActiveCfg = Debug|Windows Phone
		{A39E7C34-1E2B-481B-85C0-D3309B669A64}.Debug|Windows Phone.Build.0 = Debug|Windows Phone
		{A39E7C34-1E2B-481B-85C0-D3309B669A64}.Debug|Windows Phone.Deploy.0 = Debug|Windows Phone
		{A39E7C34-1E2B-481B-85C0-D3309B669A64}.Release|Windows Phone.ActiveCfg = Release|Windows Phone
		{A39E7C34-1E2B-481B-85C0-D3309B669A64}.Release|Windows Phone.Build.0 = Release|Windows Phone
		{A39E7C34-1E2B-481B-85C0-D3309B669A64}.Release|Windows Phone.Deploy.0 = Release|Windows Phone
		{2ED578EB-750A-4EBD-836E-BC1F05049BD7}.Debug|Windows Phone.ActiveCfg = Debug|Windows Phone
		{2ED578EB-750A-4EBD-836E-BC1F05049BD7}.Release|Windows Phone.ActiveCfg = Release|Windows Phone
	EndGlobalSection
	GlobalSection(SolutionProperties) = preSolution
		HideSolutionNode = FALSE
	EndGlobalSection
EndGlobal
